// !$*UTF8*$!
{
	archiveVersion = 1;
	classes = {
	};
	objectVersion = 77;
	objects = {

/* Begin PBXContainerItemProxy section */
		3489080D2CC8685500D72DC5 /* PBXContainerItemProxy */ = {
			isa = PBXContainerItemProxy;
			containerPortal = 348907EE2CC8685200D72DC5 /* Project object */;
			proxyType = 1;
			remoteGlobalIDString = 348907F52CC8685200D72DC5;
			remoteInfo = "Insurance Policy System application";
		};
		348908172CC8685500D72DC5 /* PBXContainerItemProxy */ = {
			isa = PBXContainerItemProxy;
			containerPortal = 348907EE2CC8685200D72DC5 /* Project object */;
			proxyType = 1;
			remoteGlobalIDString = 348907F52CC8685200D72DC5;
			remoteInfo = "Insurance Policy System application";
		};
/* End PBXContainerItemProxy section */

/* Begin PBXFileReference section */
		348907F62CC8685200D72DC5 /* Insurance Policy System application.app */ = {isa = PBXFileReference; explicitFileType = wrapper.application; includeInIndex = 0; path = "Insurance Policy System application.app"; sourceTree = BUILT_PRODUCTS_DIR; };
		3489080C2CC8685500D72DC5 /* Insurance Policy System applicationTests.xctest */ = {isa = PBXFileReference; explicitFileType = wrapper.cfbundle; includeInIndex = 0; path = "Insurance Policy System applicationTests.xctest"; sourceTree = BUILT_PRODUCTS_DIR; };
		348908162CC8685500D72DC5 /* Insurance Policy System applicationUITests.xctest */ = {isa = PBXFileReference; explicitFileType = wrapper.cfbundle; includeInIndex = 0; path = "Insurance Policy System applicationUITests.xctest"; sourceTree = BUILT_PRODUCTS_DIR; };
/* End PBXFileReference section */

/* Begin PBXFileSystemSynchronizedBuildFileExceptionSet section */
		3489081E2CC8685500D72DC5 /* Exceptions for "Insurance Policy System application" folder in "Insurance Policy System application" target */ = {
			isa = PBXFileSystemSynchronizedBuildFileExceptionSet;
			membershipExceptions = (
				Info.plist,
			);
			target = 348907F52CC8685200D72DC5 /* Insurance Policy System application */;
		};
/* End PBXFileSystemSynchronizedBuildFileExceptionSet section */

/* Begin PBXFileSystemSynchronizedRootGroup section */
		348907F82CC8685200D72DC5 /* Insurance Policy System application */ = {
			isa = PBXFileSystemSynchronizedRootGroup;
			exceptions = (
				3489081E2CC8685500D72DC5 /* Exceptions for "Insurance Policy System application" folder in "Insurance Policy System application" target */,
			);
			path = "Insurance Policy System application";
			sourceTree = "<group>";
		};
		3489080F2CC8685500D72DC5 /* Insurance Policy System applicationTests */ = {
			isa = PBXFileSystemSynchronizedRootGroup;
			path = "Insurance Policy System applicationTests";
			sourceTree = "<group>";
		};
		348908192CC8685500D72DC5 /* Insurance Policy System applicationUITests */ = {
			isa = PBXFileSystemSynchronizedRootGroup;
			path = "Insurance Policy System applicationUITests";
			sourceTree = "<group>";
		};
/* End PBXFileSystemSynchronizedRootGroup section */

/* Begin PBXFrameworksBuildPhase section */
		348907F32CC8685200D72DC5 /* Frameworks */ = {
			isa = PBXFrameworksBuildPhase;
			buildActionMask = 2147483647;
			files = (
			);
			runOnlyForDeploymentPostprocessing = 0;
		};
		348908092CC8685500D72DC5 /* Frameworks */ = {
			isa = PBXFrameworksBuildPhase;
			buildActionMask = 2147483647;
			files = (
			);
			runOnlyForDeploymentPostprocessing = 0;
		};
		348908132CC8685500D72DC5 /* Frameworks */ = {
			isa = PBXFrameworksBuildPhase;
			buildActionMask = 2147483647;
			files = (
			);
			runOnlyForDeploymentPostprocessing = 0;
		};
/* End PBXFrameworksBuildPhase section */

/* Begin PBXGroup section */
		348907ED2CC8685200D72DC5 = {
			isa = PBXGroup;
			children = (
				348907F82CC8685200D72DC5 /* Insurance Policy System application */,
				3489080F2CC8685500D72DC5 /* Insurance Policy System applicationTests */,
				348908192CC8685500D72DC5 /* Insurance Policy System applicationUITests */,
				348907F72CC8685200D72DC5 /* Products */,
			);
			sourceTree = "<group>";
		};
		348907F72CC8685200D72DC5 /* Products */ = {
			isa = PBXGroup;
			children = (
				348907F62CC8685200D72DC5 /* Insurance Policy System application.app */,
				3489080C2CC8685500D72DC5 /* Insurance Policy System applicationTests.xctest */,
				348908162CC8685500D72DC5 /* Insurance Policy System applicationUITests.xctest */,
			);
			name = Products;
			sourceTree = "<group>";
		};
/* End PBXGroup section */

/* Begin PBXNativeTarget section */
		348907F52CC8685200D72DC5 /* Insurance Policy System application */ = {
			isa = PBXNativeTarget;
			buildConfigurationList = 3489081F2CC8685500D72DC5 /* Build configuration list for PBXNativeTarget "Insurance Policy System application" */;
			buildPhases = (
				348907F22CC8685200D72DC5 /* Sources */,
				348907F32CC8685200D72DC5 /* Frameworks */,
				348907F42CC8685200D72DC5 /* Resources */,
			);
			buildRules = (
			);
			dependencies = (
			);
			fileSystemSynchronizedGroups = (
				348907F82CC8685200D72DC5 /* Insurance Policy System application */,
			);
			name = "Insurance Policy System application";
			packageProductDependencies = (
			);
			productName = "Insurance Policy System application";
			productReference = 348907F62CC8685200D72DC5 /* Insurance Policy System application.app */;
			productType = "com.apple.product-type.application";
		};
		3489080B2CC8685500D72DC5 /* Insurance Policy System applicationTests */ = {
			isa = PBXNativeTarget;
			buildConfigurationList = 348908242CC8685500D72DC5 /* Build configuration list for PBXNativeTarget "Insurance Policy System applicationTests" */;
			buildPhases = (
				348908082CC8685500D72DC5 /* Sources */,
				348908092CC8685500D72DC5 /* Frameworks */,
				3489080A2CC8685500D72DC5 /* Resources */,
			);
			buildRules = (
			);
			dependencies = (
				3489080E2CC8685500D72DC5 /* PBXTargetDependency */,
			);
			fileSystemSynchronizedGroups = (
				3489080F2CC8685500D72DC5 /* Insurance Policy System applicationTests */,
			);
			name = "Insurance Policy System applicationTests";
			packageProductDependencies = (
			);
			productName = "Insurance Policy System applicationTests";
			productReference = 3489080C2CC8685500D72DC5 /* Insurance Policy System applicationTests.xctest */;
			productType = "com.apple.product-type.bundle.unit-test";
		};
		348908152CC8685500D72DC5 /* Insurance Policy System applicationUITests */ = {
			isa = PBXNativeTarget;
			buildConfigurationList = 348908272CC8685500D72DC5 /* Build configuration list for PBXNativeTarget "Insurance Policy System applicationUITests" */;
			buildPhases = (
				348908122CC8685500D72DC5 /* Sources */,
				348908132CC8685500D72DC5 /* Frameworks */,
				348908142CC8685500D72DC5 /* Resources */,
			);
			buildRules = (
			);
			dependencies = (
				348908182CC8685500D72DC5 /* PBXTargetDependency */,
			);
			fileSystemSynchronizedGroups = (
				348908192CC8685500D72DC5 /* Insurance Policy System applicationUITests */,
			);
			name = "Insurance Policy System applicationUITests";
			packageProductDependencies = (
			);
			productName = "Insurance Policy System applicationUITests";
			productReference = 348908162CC8685500D72DC5 /* Insurance Policy System applicationUITests.xctest */;
			productType = "com.apple.product-type.bundle.ui-testing";
		};
/* End PBXNativeTarget section */

/* Begin PBXProject section */
		348907EE2CC8685200D72DC5 /* Project object */ = {
			isa = PBXProject;
			attributes = {
				BuildIndependentTargetsInParallel = 1;
				LastSwiftUpdateCheck = 1600;
				LastUpgradeCheck = 1600;
				TargetAttributes = {
					348907F52CC8685200D72DC5 = {
						CreatedOnToolsVersion = 16.0;
					};
					3489080B2CC8685500D72DC5 = {
						CreatedOnToolsVersion = 16.0;
						TestTargetID = 348907F52CC8685200D72DC5;
					};
					348908152CC8685500D72DC5 = {
						CreatedOnToolsVersion = 16.0;
						TestTargetID = 348907F52CC8685200D72DC5;
					};
				};
			};
			buildConfigurationList = 348907F12CC8685200D72DC5 /* Build configuration list for PBXProject "Insurance Policy System application" */;
			developmentRegion = en;
			hasScannedForEncodings = 0;
			knownRegions = (
				en,
				Base,
			);
			mainGroup = 348907ED2CC8685200D72DC5;
			minimizedProjectReferenceProxies = 1;
			preferredProjectObjectVersion = 77;
			productRefGroup = 348907F72CC8685200D72DC5 /* Products */;
			projectDirPath = "";
			projectRoot = "";
			targets = (
				348907F52CC8685200D72DC5 /* Insurance Policy System application */,
				3489080B2CC8685500D72DC5 /* Insurance Policy System applicationTests */,
				348908152CC8685500D72DC5 /* Insurance Policy System applicationUITests */,
			);
		};
/* End PBXProject section */

/* Begin PBXResourcesBuildPhase section */
		348907F42CC8685200D72DC5 /* Resources */ = {
			isa = PBXResourcesBuildPhase;
			buildActionMask = 2147483647;
			files = (
			);
			runOnlyForDeploymentPostprocessing = 0;
		};
		3489080A2CC8685500D72DC5 /* Resources */ = {
			isa = PBXResourcesBuildPhase;
			buildActionMask = 2147483647;
			files = (
			);
			runOnlyForDeploymentPostprocessing = 0;
		};
		348908142CC8685500D72DC5 /* Resources */ = {
			isa = PBXResourcesBuildPhase;
			buildActionMask = 2147483647;
			files = (
			);
			runOnlyForDeploymentPostprocessing = 0;
		};
/* End PBXResourcesBuildPhase section */

/* Begin PBXSourcesBuildPhase section */
		348907F22CC8685200D72DC5 /* Sources */ = {
			isa = PBXSourcesBuildPhase;
			buildActionMask = 2147483647;
			files = (
			);
			runOnlyForDeploymentPostprocessing = 0;
		};
		348908082CC8685500D72DC5 /* Sources */ = {
			isa = PBXSourcesBuildPhase;
			buildActionMask = 2147483647;
			files = (
			);
			runOnlyForDeploymentPostprocessing = 0;
		};
		348908122CC8685500D72DC5 /* Sources */ = {
			isa = PBXSourcesBuildPhase;
			buildActionMask = 2147483647;
			files = (
			);
			runOnlyForDeploymentPostprocessing = 0;
		};
/* End PBXSourcesBuildPhase section */

/* Begin PBXTargetDependency section */
		3489080E2CC8685500D72DC5 /* PBXTargetDependency */ = {
			isa = PBXTargetDependency;
			target = 348907F52CC8685200D72DC5 /* Insurance Policy System application */;
			targetProxy = 3489080D2CC8685500D72DC5 /* PBXContainerItemProxy */;
		};
		348908182CC8685500D72DC5 /* PBXTargetDependency */ = {
			isa = PBXTargetDependency;
			target = 348907F52CC8685200D72DC5 /* Insurance Policy System application */;
			targetProxy = 348908172CC8685500D72DC5 /* PBXContainerItemProxy */;
		};
/* End PBXTargetDependency section */

/* Begin XCBuildConfiguration section */
		348908202CC8685500D72DC5 /* Debug */ = {
			isa = XCBuildConfiguration;
			buildSettings = {
				ASSETCATALOG_COMPILER_APPICON_NAME = AppIcon;
				ASSETCATALOG_COMPILER_GLOBAL_ACCENT_COLOR_NAME = AccentColor;
				CODE_SIGN_STYLE = Automatic;
				CURRENT_PROJECT_VERSION = 1;
				DEVELOPMENT_TEAM = RQQQ47F7R9;
				GENERATE_INFOPLIST_FILE = YES;
				INFOPLIST_FILE = "Insurance Policy System application/Info.plist";
				INFOPLIST_KEY_UIApplicationSupportsIndirectInputEvents = YES;
				INFOPLIST_KEY_UILaunchStoryboardName = LaunchScreen;
				INFOPLIST_KEY_UIMainStoryboardFile = Main;
				INFOPLIST_KEY_UISupportedInterfaceOrientations = "UIInterfaceOrientationLandscapeLeft UIInterfaceOrientationLandscapeRight UIInterfaceOrientationPortrait UIInterfaceOrientationPortraitUpsideDown";
				LD_RUNPATH_SEARCH_PATHS = (
					"$(inherited)",
					"@executable_path/Frameworks",
				);
				MARKETING_VERSION = 1.0;
				PRODUCT_BUNDLE_IDENTIFIER = "SPWD.Insurance-Policy-System-application";
				PRODUCT_NAME = "$(TARGET_NAME)";
				SWIFT_EMIT_LOC_STRINGS = YES;
				SWIFT_VERSION = 5.0;
				TARGETED_DEVICE_FAMILY = "1,2";
			};
			name = Debug;
		};
		348908212CC8685500D72DC5 /* Release */ = {
			isa = XCBuildConfiguration;
			buildSettings = {
				ASSETCATALOG_COMPILER_APPICON_NAME = AppIcon;
				ASSETCATALOG_COMPILER_GLOBAL_ACCENT_COLOR_NAME = AccentColor;
				CODE_SIGN_STYLE = Automatic;
				CURRENT_PROJECT_VERSION = 1;
				DEVELOPMENT_TEAM = RQQQ47F7R9;
				GENERATE_INFOPLIST_FILE = YES;
				INFOPLIST_FILE = "Insurance Policy System application/Info.plist";
				INFOPLIST_KEY_UIApplicationSupportsIndirectInputEvents = YES;
				INFOPLIST_KEY_UILaunchStoryboardName = LaunchScreen;
				INFOPLIST_KEY_UIMainStoryboardFile = Main;
				INFOPLIST_KEY_UISupportedInterfaceOrientations = "UIInterfaceOrientationLandscapeLeft UIInterfaceOrientationLandscapeRight UIInterfaceOrientationPortrait UIInterfaceOrientationPortraitUpsideDown";
				LD_RUNPATH_SEARCH_PATHS = (
					"$(inherited)",
					"@executable_path/Frameworks",
				);
				MARKETING_VERSION = 1.0;
				PRODUCT_BUNDLE_IDENTIFIER = "SPWD.Insurance-Policy-System-application";
				PRODUCT_NAME = "$(TARGET_NAME)";
				SWIFT_EMIT_LOC_STRINGS = YES;
				SWIFT_VERSION = 5.0;
				TARGETED_DEVICE_FAMILY = "1,2";
			};
			name = Release;
		};
		348908222CC8685500D72DC5 /* Debug */ = {
			isa = XCBuildConfiguration;
			buildSettings = {
				ALWAYS_SEARCH_USER_PATHS = NO;
				ASSETCATALOG_COMPILER_GENERATE_SWIFT_ASSET_SYMBOL_EXTENSIONS = YES;
				CLANG_ANALYZER_NONNULL = YES;
				CLANG_ANALYZER_NUMBER_OBJECT_CONVERSION = YES_AGGRESSIVE;
				CLANG_CXX_LANGUAGE_STANDARD = "gnu++20";
				CLANG_ENABLE_MODULES = YES;
				CLANG_ENABLE_OBJC_ARC = YES;
				CLANG_ENABLE_OBJC_WEAK = YES;
				CLANG_WARN_BLOCK_CAPTURE_AUTORELEASING = YES;
				CLANG_WARN_BOOL_CONVERSION = YES;
				CLANG_WARN_COMMA = YES;
				CLANG_WARN_CONSTANT_CONVERSION = YES;
				CLANG_WARN_DEPRECATED_OBJC_IMPLEMENTATIONS = YES;
				CLANG_WARN_DIRECT_OBJC_ISA_USAGE = YES_ERROR;
				CLANG_WARN_DOCUMENTATION_COMMENTS = YES;
				CLANG_WARN_EMPTY_BODY = YES;
				CLANG_WARN_ENUM_CONVERSION = YES;
				CLANG_WARN_INFINITE_RECURSION = YES;
				CLANG_WARN_INT_CONVERSION = YES;
				CLANG_WARN_NON_LITERAL_NULL_CONVERSION = YES;
				CLANG_WARN_OBJC_IMPLICIT_RETAIN_SELF = YES;
				CLANG_WARN_OBJC_LITERAL_CONVERSION = YES;
				CLANG_WARN_OBJC_ROOT_CLASS = YES_ERROR;
				CLANG_WARN_QUOTED_INCLUDE_IN_FRAMEWORK_HEADER = YES;
				CLANG_WARN_RANGE_LOOP_ANALYSIS = YES;
				CLANG_WARN_STRICT_PROTOTYPES = YES;
				CLANG_WARN_SUSPICIOUS_MOVE = YES;
				CLANG_WARN_UNGUARDED_AVAILABILITY = YES_AGGRESSIVE;
				CLANG_WARN_UNREACHABLE_CODE = YES;
				CLANG_WARN__DUPLICATE_METHOD_MATCH = YES;
				COPY_PHASE_STRIP = NO;
				DEBUG_INFORMATION_FORMAT = dwarf;
				ENABLE_STRICT_OBJC_MSGSEND = YES;
				ENABLE_TESTABILITY = YES;
				ENABLE_USER_SCRIPT_SANDBOXING = YES;
				GCC_C_LANGUAGE_STANDARD = gnu17;
				GCC_DYNAMIC_NO_PIC = NO;
				GCC_NO_COMMON_BLOCKS = YES;
				GCC_OPTIMIZATION_LEVEL = 0;
				GCC_PREPROCESSOR_DEFINITIONS = (
					"DEBUG=1",
					"$(inherited)",
				);
				GCC_WARN_64_TO_32_BIT_CONVERSION = YES;
				GCC_WARN_ABOUT_RETURN_TYPE = YES_ERROR;
				GCC_WARN_UNDECLARED_SELECTOR = YES;
				GCC_WARN_UNINITIALIZED_AUTOS = YES_AGGRESSIVE;
				GCC_WARN_UNUSED_FUNCTION = YES;
				GCC_WARN_UNUSED_VARIABLE = YES;
				IPHONEOS_DEPLOYMENT_TARGET = 18.0;
				LOCALIZATION_PREFERS_STRING_CATALOGS = YES;
				MTL_ENABLE_DEBUG_INFO = INCLUDE_SOURCE;
				MTL_FAST_MATH = YES;
				ONLY_ACTIVE_ARCH = YES;
				SDKROOT = iphoneos;
				SWIFT_ACTIVE_COMPILATION_CONDITIONS = "DEBUG $(inherited)";
				SWIFT_OPTIMIZATION_LEVEL = "-Onone";
			};
			name = Debug;
		};
		348908232CC8685500D72DC5 /* Release */ = {
			isa = XCBuildConfiguration;
			buildSettings = {
				ALWAYS_SEARCH_USER_PATHS = NO;
				ASSETCATALOG_COMPILER_GENERATE_SWIFT_ASSET_SYMBOL_EXTENSIONS = YES;
				CLANG_ANALYZER_NONNULL = YES;
				CLANG_ANALYZER_NUMBER_OBJECT_CONVERSION = YES_AGGRESSIVE;
				CLANG_CXX_LANGUAGE_STANDARD = "gnu++20";
				CLANG_ENABLE_MODULES = YES;
				CLANG_ENABLE_OBJC_ARC = YES;
				CLANG_ENABLE_OBJC_WEAK = YES;
				CLANG_WARN_BLOCK_CAPTURE_AUTORELEASING = YES;
				CLANG_WARN_BOOL_CONVERSION = YES;
				CLANG_WARN_COMMA = YES;
				CLANG_WARN_CONSTANT_CONVERSION = YES;
				CLANG_WARN_DEPRECATED_OBJC_IMPLEMENTATIONS = YES;
				CLANG_WARN_DIRECT_OBJC_ISA_USAGE = YES_ERROR;
				CLANG_WARN_DOCUMENTATION_COMMENTS = YES;
				CLANG_WARN_EMPTY_BODY = YES;
				CLANG_WARN_ENUM_CONVERSION = YES;
				CLANG_WARN_INFINITE_RECURSION = YES;
				CLANG_WARN_INT_CONVERSION = YES;
				CLANG_WARN_NON_LITERAL_NULL_CONVERSION = YES;
				CLANG_WARN_OBJC_IMPLICIT_RETAIN_SELF = YES;
				CLANG_WARN_OBJC_LITERAL_CONVERSION = YES;
				CLANG_WARN_OBJC_ROOT_CLASS = YES_ERROR;
				CLANG_WARN_QUOTED_INCLUDE_IN_FRAMEWORK_HEADER = YES;
				CLANG_WARN_RANGE_LOOP_ANALYSIS = YES;
				CLANG_WARN_STRICT_PROTOTYPES = YES;
				CLANG_WARN_SUSPICIOUS_MOVE = YES;
				CLANG_WARN_UNGUARDED_AVAILABILITY = YES_AGGRESSIVE;
				CLANG_WARN_UNREACHABLE_CODE = YES;
				CLANG_WARN__DUPLICATE_METHOD_MATCH = YES;
				COPY_PHASE_STRIP = NO;
				DEBUG_INFORMATION_FORMAT = "dwarf-with-dsym";
				ENABLE_NS_ASSERTIONS = NO;
				ENABLE_STRICT_OBJC_MSGSEND = YES;
				ENABLE_USER_SCRIPT_SANDBOXING = YES;
				GCC_C_LANGUAGE_STANDARD = gnu17;
				GCC_NO_COMMON_BLOCKS = YES;
				GCC_WARN_64_TO_32_BIT_CONVERSION = YES;
				GCC_WARN_ABOUT_RETURN_TYPE = YES_ERROR;
				GCC_WARN_UNDECLARED_SELECTOR = YES;
				GCC_WARN_UNINITIALIZED_AUTOS = YES_AGGRESSIVE;
				GCC_WARN_UNUSED_FUNCTION = YES;
				GCC_WARN_UNUSED_VARIABLE = YES;
				IPHONEOS_DEPLOYMENT_TARGET = 18.0;
				LOCALIZATION_PREFERS_STRING_CATALOGS = YES;
				MTL_ENABLE_DEBUG_INFO = NO;
				MTL_FAST_MATH = YES;
				SDKROOT = iphoneos;
				SWIFT_COMPILATION_MODE = wholemodule;
				VALIDATE_PRODUCT = YES;
			};
			name = Release;
		};
		348908252CC8685500D72DC5 /* Debug */ = {
			isa = XCBuildConfiguration;
			buildSettings = {
				BUNDLE_LOADER = "$(TEST_HOST)";
				CODE_SIGN_STYLE = Automatic;
				CURRENT_PROJECT_VERSION = 1;
				DEVELOPMENT_TEAM = RQQQ47F7R9;
				GENERATE_INFOPLIST_FILE = YES;
				IPHONEOS_DEPLOYMENT_TARGET = 18.0;
				MARKETING_VERSION = 1.0;
				PRODUCT_BUNDLE_IDENTIFIER = "SPWD.Insurance-Policy-System-applicationTests";
				PRODUCT_NAME = "$(TARGET_NAME)";
				SWIFT_EMIT_LOC_STRINGS = NO;
				SWIFT_VERSION = 5.0;
				TARGETED_DEVICE_FAMILY = "1,2";
				TEST_HOST = "$(BUILT_PRODUCTS_DIR)/Insurance Policy System application.app/$(BUNDLE_EXECUTABLE_FOLDER_PATH)/Insurance Policy System application";
			};
			name = Debug;
		};
		348908262CC8685500D72DC5 /* Release */ = {
			isa = XCBuildConfiguration;
			buildSettings = {
				BUNDLE_LOADER = "$(TEST_HOST)";
				CODE_SIGN_STYLE = Automatic;
				CURRENT_PROJECT_VERSION = 1;
				DEVELOPMENT_TEAM = RQQQ47F7R9;
				GENERATE_INFOPLIST_FILE = YES;
				IPHONEOS_DEPLOYMENT_TARGET = 18.0;
				MARKETING_VERSION = 1.0;
				PRODUCT_BUNDLE_IDENTIFIER = "SPWD.Insurance-Policy-System-applicationTests";
				PRODUCT_NAME = "$(TARGET_NAME)";
				SWIFT_EMIT_LOC_STRINGS = NO;
				SWIFT_VERSION = 5.0;
				TARGETED_DEVICE_FAMILY = "1,2";
				TEST_HOST = "$(BUILT_PRODUCTS_DIR)/Insurance Policy System application.app/$(BUNDLE_EXECUTABLE_FOLDER_PATH)/Insurance Policy System application";
			};
			name = Release;
		};
		348908282CC8685500D72DC5 /* Debug */ = {
			isa = XCBuildConfiguration;
			buildSettings = {
				CODE_SIGN_STYLE = Automatic;
				CURRENT_PROJECT_VERSION = 1;
				DEVELOPMENT_TEAM = RQQQ47F7R9;
				GENERATE_INFOPLIST_FILE = YES;
				MARKETING_VERSION = 1.0;
				PRODUCT_BUNDLE_IDENTIFIER = "SPWD.Insurance-Policy-System-applicationUITests";
				PRODUCT_NAME = "$(TARGET_NAME)";
				SWIFT_EMIT_LOC_STRINGS = NO;
				SWIFT_VERSION = 5.0;
				TARGETED_DEVICE_FAMILY = "1,2";
				TEST_TARGET_NAME = "Insurance Policy System application";
			};
			name = Debug;
		};
		348908292CC8685500D72DC5 /* Release */ = {
			isa = XCBuildConfiguration;
			buildSettings = {
				CODE_SIGN_STYLE = Automatic;
				CURRENT_PROJECT_VERSION = 1;
				DEVELOPMENT_TEAM = RQQQ47F7R9;
				GENERATE_INFOPLIST_FILE = YES;
				MARKETING_VERSION = 1.0;
				PRODUCT_BUNDLE_IDENTIFIER = "SPWD.Insurance-Policy-System-applicationUITests";
				PRODUCT_NAME = "$(TARGET_NAME)";
				SWIFT_EMIT_LOC_STRINGS = NO;
				SWIFT_VERSION = 5.0;
				TARGETED_DEVICE_FAMILY = "1,2";
				TEST_TARGET_NAME = "Insurance Policy System application";
			};
			name = Release;
		};
/* End XCBuildConfiguration section */

/* Begin XCConfigurationList section */
		348907F12CC8685200D72DC5 /* Build configuration list for PBXProject "Insurance Policy System application" */ = {
			isa = XCConfigurationList;
			buildConfigurations = (
				348908222CC8685500D72DC5 /* Debug */,
				348908232CC8685500D72DC5 /* Release */,
			);
			defaultConfigurationIsVisible = 0;
			defaultConfigurationName = Release;
		};
		3489081F2CC8685500D72DC5 /* Build configuration list for PBXNativeTarget "Insurance Policy System application" */ = {
			isa = XCConfigurationList;
			buildConfigurations = (
				348908202CC8685500D72DC5 /* Debug */,
				348908212CC8685500D72DC5 /* Release */,
			);
			defaultConfigurationIsVisible = 0;
			defaultConfigurationName = Release;
		};
		348908242CC8685500D72DC5 /* Build configuration list for PBXNativeTarget "Insurance Policy System applicationTests" */ = {
			isa = XCConfigurationList;
			buildConfigurations = (
				348908252CC8685500D72DC5 /* Debug */,
				348908262CC8685500D72DC5 /* Release */,
			);
			defaultConfigurationIsVisible = 0;
			defaultConfigurationName = Release;
		};
		348908272CC8685500D72DC5 /* Build configuration list for PBXNativeTarget "Insurance Policy System applicationUITests" */ = {
			isa = XCConfigurationList;
			buildConfigurations = (
				348908282CC8685500D72DC5 /* Debug */,
				348908292CC8685500D72DC5 /* Release */,
			);
			defaultConfigurationIsVisible = 0;
			defaultConfigurationName = Release;
		};
/* End XCConfigurationList section */
	};
	rootObject = 348907EE2CC8685200D72DC5 /* Project object */;
}
